
Microsoft Visual Studio Solution File, Format Version 12.00
# Visual Studio Version 17
VisualStudioVersion = 17.0.31912.275
MinimumVisualStudioVersion = 10.0.40219.1
Project("{9A19103F-16F7-4668-BE54-9A1E7A4F7556}") = "DioSeries", "DioSeries.csproj", "{30DCF54B-9793-4749-8E35-A855432A3E89}"
EndProject
Global
	GlobalSection(SolutionConfigurationPlatforms) = preSolution
		Debug|Any CPU = Debug|Any CPU
		Release|Any CPU = Release|Any CPU
	EndGlobalSection
	GlobalSection(ProjectConfigurationPlatforms) = postSolution
		{30DCF54B-9793-4749-8E35-A855432A3E89}.Debug|Any CPU.ActiveCfg = Debug|Any CPU
		{30DCF54B-9793-4749-8E35-A855432A3E89}.Debug|Any CPU.Build.0 = Debug|Any CPU
		{30DCF54B-9793-4749-8E35-A855432A3E89}.Release|Any CPU.ActiveCfg = Release|Any CPU
		{30DCF54B-9793-4749-8E35-A855432A3E89}.Release|Any CPU.Build.0 = Release|Any CPU
	EndGlobalSection
	GlobalSection(SolutionProperties) = preSolution
		HideSolutionNode = FALSE
	EndGlobalSection
	GlobalSection(ExtensibilityGlobals) = postSolution
		SolutionGuid = {FF137E37-BE9A-4126-AAEF-6456AB61D0D9}
	EndGlobalSection
EndGlobal
